
Microsoft Visual Studio Solution File, Format Version 11.00
# Visual Studio 2010
Project("{FAE04EC0-301F-11D3-BF4B-00C04F79EFBC}") = "File Mask", "File Mask.csproj", "{4BE81F3D-404D-4C0F-8871-B1C9A85E548B}"
EndProject
Global
	GlobalSection(SolutionConfigurationPlatforms) = preSolution
		Debug|Any CPU = Debug|Any CPU
		Release|Any CPU = Release|Any CPU
	EndGlobalSection
	GlobalSection(ProjectConfigurationPlatforms) = postSolution
		{4BE81F3D-404D-4C0F-8871-B1C9A85E548B}.Debug|Any CPU.ActiveCfg = Debug|Any CPU
		{4BE81F3D-404D-4C0F-8871-B1C9A85E548B}.Debug|Any CPU.Build.0 = Debug|Any CPU
		{4BE81F3D-404D-4C0F-8871-B1C9A85E548B}.Release|Any CPU.ActiveCfg = Release|Any CPU
		{4BE81F3D-404D-4C0F-8871-B1C9A85E548B}.Release|Any CPU.Build.0 = Release|Any CPU
	EndGlobalSection
	GlobalSection(MonoDevelopProperties) = preSolution
		StartupItem = File Mask.csproj
	EndGlobalSection
EndGlobal
